Microsoft Visual Studio Solution File, Format Version 12.00
# Visual Studio Version 17
VisualStudioVersion = 17.5.2.0
MinimumVisualStudioVersion = 10.0.40219.1
Project("{FAE04EC0-301F-11D3-BF4B-00C04F79EFBC}") = "ReservaCabanasSite", "ReservaCabanasSite.csproj", "{EEAF81E0-60C1-DCC4-B67B-F81D08FE43D1}"
EndProject
Global
	GlobalSection(SolutionConfigurationPlatforms) = preSolution
		Debug|Any CPU = Debug|Any CPU
		Release|Any CPU = Release|Any CPU
	EndGlobalSection
	GlobalSection(ProjectConfigurationPlatforms) = postSolution
		{EEAF81E0-60C1-DCC4-B67B-F81D08FE43D1}.Debug|Any CPU.ActiveCfg = Debug|Any CPU
		{EEAF81E0-60C1-DCC4-B67B-F81D08FE43D1}.Debug|Any CPU.Build.0 = Debug|Any CPU
		{EEAF81E0-60C1-DCC4-B67B-F81D08FE43D1}.Release|Any CPU.ActiveCfg = Release|Any CPU
		{EEAF81E0-60C1-DCC4-B67B-F81D08FE43D1}.Release|Any CPU.Build.0 = Release|Any CPU
	EndGlobalSection
	GlobalSection(SolutionProperties) = preSolution
		HideSolutionNode = FALSE
	EndGlobalSection
	GlobalSection(ExtensibilityGlobals) = postSolution
		SolutionGuid = {3C1B2309-F590-44ED-A484-10B36053DD96}
	EndGlobalSection
EndGlobal
